
Microsoft Visual Studio Solution File, Format Version 12.00
# Visual Studio Version 17
VisualStudioVersion = 17.4.33110.190
MinimumVisualStudioVersion = 10.0.40219.1
Project("{9A19103F-16F7-4668-BE54-9A1E7A4F7556}") = "BauphysikToolWPF", "BauphysikToolWPF.csproj", "{264742C5-AC5C-403E-821F-498BC27C4B23}"
EndProject
Project("{911E67C6-3D85-4FCE-B560-20A9C3E3FF48}") = "BauphysikToolWPF_2", "bin\Debug\net8.0-windows10.0.17763.0\BauphysikToolWPF_2.exe", "{F83D732F-1CCB-42E4-9E66-920CB584D0E3}"
	ProjectSection(DebuggerProjectSystem) = preProject
		PortSupplier = 00000000-0000-0000-0000-000000000000
		Executable = C:\Users\arnes\source\repos\BauphysikToolWPF\bin\Debug\net8.0-windows10.0.17763.0\BauphysikToolWPF_2.exe
		RemoteMachine = TABLEPC
		StartingDirectory = C:\Users\arnes\source\repos\BauphysikToolWPF\bin\Debug\net8.0-windows10.0.17763.0
		Environment = Standard
		LaunchingEngine = 00000000-0000-0000-0000-000000000000
		UseLegacyDebugEngines = No
		LaunchSQLEngine = No
		AttachLaunchAction = No
		IORedirection = Auto
	EndProjectSection
EndProject
Global
	GlobalSection(SolutionConfigurationPlatforms) = preSolution
		Debug|Any CPU = Debug|Any CPU
		Debug|x64 = Debug|x64
		Release|Any CPU = Release|Any CPU
		Release|x64 = Release|x64
	EndGlobalSection
	GlobalSection(ProjectConfigurationPlatforms) = postSolution
		{264742C5-AC5C-403E-821F-498BC27C4B23}.Debug|Any CPU.ActiveCfg = Debug|Any CPU
		{264742C5-AC5C-403E-821F-498BC27C4B23}.Debug|Any CPU.Build.0 = Debug|Any CPU
		{264742C5-AC5C-403E-821F-498BC27C4B23}.Debug|x64.ActiveCfg = Debug|x64
		{264742C5-AC5C-403E-821F-498BC27C4B23}.Debug|x64.Build.0 = Debug|x64
		{264742C5-AC5C-403E-821F-498BC27C4B23}.Release|Any CPU.ActiveCfg = Debug|Any CPU
		{264742C5-AC5C-403E-821F-498BC27C4B23}.Release|Any CPU.Build.0 = Debug|Any CPU
		{264742C5-AC5C-403E-821F-498BC27C4B23}.Release|x64.ActiveCfg = Release|x64
		{264742C5-AC5C-403E-821F-498BC27C4B23}.Release|x64.Build.0 = Release|x64
		{F83D732F-1CCB-42E4-9E66-920CB584D0E3}.Debug|Any CPU.ActiveCfg = Release|x64
		{F83D732F-1CCB-42E4-9E66-920CB584D0E3}.Debug|x64.ActiveCfg = Release|x64
		{F83D732F-1CCB-42E4-9E66-920CB584D0E3}.Release|Any CPU.ActiveCfg = Release|x64
		{F83D732F-1CCB-42E4-9E66-920CB584D0E3}.Release|x64.ActiveCfg = Release|x64
	EndGlobalSection
	GlobalSection(SolutionProperties) = preSolution
		HideSolutionNode = FALSE
	EndGlobalSection
	GlobalSection(ExtensibilityGlobals) = postSolution
		SolutionGuid = {19649160-57D6-40A7-8330-12B1AD7F1EE5}
	EndGlobalSection
EndGlobal
