
Microsoft Visual Studio Solution File, Format Version 12.00
# Visual Studio Version 17
VisualStudioVersion = 17.4.33110.190
MinimumVisualStudioVersion = 10.0.40219.1
Project("{FAE04EC0-301F-11D3-BF4B-00C04F79EFBC}") = "BauphysikToolWPF", "BauphysikToolWPF.csproj", "{264742C5-AC5C-403E-821F-498BC27C4B23}"
EndProject
Global
	GlobalSection(SolutionConfigurationPlatforms) = preSolution
		Debug|Any CPU = Debug|Any CPU
		Release|Any CPU = Release|Any CPU
	EndGlobalSection
	GlobalSection(ProjectConfigurationPlatforms) = postSolution
		{264742C5-AC5C-403E-821F-498BC27C4B23}.Debug|Any CPU.ActiveCfg = Debug|Any CPU
		{264742C5-AC5C-403E-821F-498BC27C4B23}.Debug|Any CPU.Build.0 = Debug|Any CPU
		{264742C5-AC5C-403E-821F-498BC27C4B23}.Release|Any CPU.ActiveCfg = Release|Any CPU
		{264742C5-AC5C-403E-821F-498BC27C4B23}.Release|Any CPU.Build.0 = Release|Any CPU
	EndGlobalSection
	GlobalSection(SolutionProperties) = preSolution
		HideSolutionNode = FALSE
	EndGlobalSection
	GlobalSection(ExtensibilityGlobals) = postSolution
		SolutionGuid = {19649160-57D6-40A7-8330-12B1AD7F1EE5}
	EndGlobalSection
EndGlobal
